
Microsoft Visual Studio Solution File, Format Version 12.00
# Visual Studio Version 16
VisualStudioVersion = 16.0.29806.167
MinimumVisualStudioVersion = 10.0.40219.1
Project("{FAE04EC0-301F-11D3-BF4B-00C04F79EFBC}") = "Life.Run", "Life.Run\Life.Run.csproj", "{FC29B03F-F6F6-4091-B2E0-C6BA7654F848}"
EndProject
Global
	GlobalSection(SolutionConfigurationPlatforms) = preSolution
		Debug|Any CPU = Debug|Any CPU
		Release|Any CPU = Release|Any CPU
	EndGlobalSection
	GlobalSection(ProjectConfigurationPlatforms) = postSolution
		{FC29B03F-F6F6-4091-B2E0-C6BA7654F848}.Debug|Any CPU.ActiveCfg = Debug|Any CPU
		{FC29B03F-F6F6-4091-B2E0-C6BA7654F848}.Debug|Any CPU.Build.0 = Debug|Any CPU
		{FC29B03F-F6F6-4091-B2E0-C6BA7654F848}.Release|Any CPU.ActiveCfg = Release|Any CPU
		{FC29B03F-F6F6-4091-B2E0-C6BA7654F848}.Release|Any CPU.Build.0 = Release|Any CPU
	EndGlobalSection
	GlobalSection(SolutionProperties) = preSolution
		HideSolutionNode = FALSE
	EndGlobalSection
	GlobalSection(ExtensibilityGlobals) = postSolution
		SolutionGuid = {22563125-4EBA-4746-A3A4-B7E2C32C270F}
	EndGlobalSection
EndGlobal
